
Microsoft Visual Studio Solution File, Format Version 12.00
# Visual Studio Version 16
VisualStudioVersion = 16.0.29424.173
MinimumVisualStudioVersion = 10.0.40219.1
Project("{9A19103F-16F7-4668-BE54-9A1E7A4F7556}") = "Domain", "Domain\Domain.csproj", "{CC1B17F8-1A1B-43FE-9D9F-3784C4F19F06}"
EndProject
Project("{9A19103F-16F7-4668-BE54-9A1E7A4F7556}") = "Application", "Application\Application.csproj", "{F9D6A8F5-EB48-4544-8224-475CC052BBDA}"
EndProject
Project("{9A19103F-16F7-4668-BE54-9A1E7A4F7556}") = "Infrastructure", "Infrastructure\Infrastructure.csproj", "{B5EE5041-6118-4B33-8ADD-C660E440BE2F}"
EndProject
Project("{9A19103F-16F7-4668-BE54-9A1E7A4F7556}") = "WebApi", "WebApi\WebApi.csproj", "{9BF54F45-0828-4121-A269-0DA7760418AD}"
EndProject
Project("{E53339B2-1760-4266-BCC7-CA923CBCF16C}") = "docker-compose", "docker-compose.dcproj", "{37C7F859-69FD-47AD-B9D2-30F6D0500729}"
EndProject
Project("{2150E333-8FDC-42A3-9474-1A3956D46DE8}") = "Tests", "Tests", "{E8E21496-F4A5-4CB0-A005-66D97E2D5F55}"
EndProject
Project("{9A19103F-16F7-4668-BE54-9A1E7A4F7556}") = "XUnitTest", "XUnitTest\XUnitTest.csproj", "{DEF90DEA-67A4-49EF-B7F5-65A2F42F099E}"
EndProject
Global
	GlobalSection(SolutionConfigurationPlatforms) = preSolution
		Debug|Any CPU = Debug|Any CPU
		Release|Any CPU = Release|Any CPU
	EndGlobalSection
	GlobalSection(ProjectConfigurationPlatforms) = postSolution
		{CC1B17F8-1A1B-43FE-9D9F-3784C4F19F06}.Debug|Any CPU.ActiveCfg = Release|Any CPU
		{CC1B17F8-1A1B-43FE-9D9F-3784C4F19F06}.Debug|Any CPU.Build.0 = Release|Any CPU
		{CC1B17F8-1A1B-43FE-9D9F-3784C4F19F06}.Release|Any CPU.ActiveCfg = Release|Any CPU
		{CC1B17F8-1A1B-43FE-9D9F-3784C4F19F06}.Release|Any CPU.Build.0 = Release|Any CPU
		{F9D6A8F5-EB48-4544-8224-475CC052BBDA}.Debug|Any CPU.ActiveCfg = Release|Any CPU
		{F9D6A8F5-EB48-4544-8224-475CC052BBDA}.Debug|Any CPU.Build.0 = Release|Any CPU
		{F9D6A8F5-EB48-4544-8224-475CC052BBDA}.Release|Any CPU.ActiveCfg = Release|Any CPU
		{F9D6A8F5-EB48-4544-8224-475CC052BBDA}.Release|Any CPU.Build.0 = Release|Any CPU
		{B5EE5041-6118-4B33-8ADD-C660E440BE2F}.Debug|Any CPU.ActiveCfg = Release|Any CPU
		{B5EE5041-6118-4B33-8ADD-C660E440BE2F}.Debug|Any CPU.Build.0 = Release|Any CPU
		{B5EE5041-6118-4B33-8ADD-C660E440BE2F}.Release|Any CPU.ActiveCfg = Release|Any CPU
		{B5EE5041-6118-4B33-8ADD-C660E440BE2F}.Release|Any CPU.Build.0 = Release|Any CPU
		{9BF54F45-0828-4121-A269-0DA7760418AD}.Debug|Any CPU.ActiveCfg = Release|Any CPU
		{9BF54F45-0828-4121-A269-0DA7760418AD}.Debug|Any CPU.Build.0 = Release|Any CPU
		{9BF54F45-0828-4121-A269-0DA7760418AD}.Release|Any CPU.ActiveCfg = Release|Any CPU
		{9BF54F45-0828-4121-A269-0DA7760418AD}.Release|Any CPU.Build.0 = Release|Any CPU
		{37C7F859-69FD-47AD-B9D2-30F6D0500729}.Debug|Any CPU.ActiveCfg = Release|Any CPU
		{37C7F859-69FD-47AD-B9D2-30F6D0500729}.Debug|Any CPU.Build.0 = Release|Any CPU
		{37C7F859-69FD-47AD-B9D2-30F6D0500729}.Release|Any CPU.ActiveCfg = Release|Any CPU
		{37C7F859-69FD-47AD-B9D2-30F6D0500729}.Release|Any CPU.Build.0 = Release|Any CPU
		{DEF90DEA-67A4-49EF-B7F5-65A2F42F099E}.Debug|Any CPU.ActiveCfg = Release|Any CPU
		{DEF90DEA-67A4-49EF-B7F5-65A2F42F099E}.Debug|Any CPU.Build.0 = Release|Any CPU
		{DEF90DEA-67A4-49EF-B7F5-65A2F42F099E}.Release|Any CPU.ActiveCfg = Release|Any CPU
		{DEF90DEA-67A4-49EF-B7F5-65A2F42F099E}.Release|Any CPU.Build.0 = Release|Any CPU
	EndGlobalSection
	GlobalSection(SolutionProperties) = preSolution
		HideSolutionNode = FALSE
	EndGlobalSection
	GlobalSection(NestedProjects) = preSolution
		{DEF90DEA-67A4-49EF-B7F5-65A2F42F099E} = {E8E21496-F4A5-4CB0-A005-66D97E2D5F55}
	EndGlobalSection
	GlobalSection(ExtensibilityGlobals) = postSolution
		SolutionGuid = {3C8A9346-ADE0-4151-ABC1-F9A04D19DD42}
	EndGlobalSection
EndGlobal
